
Microsoft Visual Studio Solution File, Format Version 12.00
# Visual Studio Version 17
VisualStudioVersion = 17.9.34622.214
MinimumVisualStudioVersion = 10.0.40219.1
Project("{FAE04EC0-301F-11D3-BF4B-00C04F79EFBC}") = "WebApp", "WebApp\WebApp.csproj", "{908204F9-2161-4581-86D2-9FB2C6C3545A}"
EndProject
Project("{FAE04EC0-301F-11D3-BF4B-00C04F79EFBC}") = "WebAPI", "WebAPI\WebAPI.csproj", "{7E129FE4-92CD-4F1E-BEF4-D95176338072}"
EndProject
Global
	GlobalSection(SolutionConfigurationPlatforms) = preSolution
		Debug|Any CPU = Debug|Any CPU
		Release|Any CPU = Release|Any CPU
	EndGlobalSection
	GlobalSection(ProjectConfigurationPlatforms) = postSolution
		{908204F9-2161-4581-86D2-9FB2C6C3545A}.Debug|Any CPU.ActiveCfg = Debug|Any CPU
		{908204F9-2161-4581-86D2-9FB2C6C3545A}.Debug|Any CPU.Build.0 = Debug|Any CPU
		{908204F9-2161-4581-86D2-9FB2C6C3545A}.Release|Any CPU.ActiveCfg = Release|Any CPU
		{908204F9-2161-4581-86D2-9FB2C6C3545A}.Release|Any CPU.Build.0 = Release|Any CPU
		{7E129FE4-92CD-4F1E-BEF4-D95176338072}.Debug|Any CPU.ActiveCfg = Debug|Any CPU
		{7E129FE4-92CD-4F1E-BEF4-D95176338072}.Debug|Any CPU.Build.0 = Debug|Any CPU
		{7E129FE4-92CD-4F1E-BEF4-D95176338072}.Release|Any CPU.ActiveCfg = Release|Any CPU
		{7E129FE4-92CD-4F1E-BEF4-D95176338072}.Release|Any CPU.Build.0 = Release|Any CPU
	EndGlobalSection
	GlobalSection(SolutionProperties) = preSolution
		HideSolutionNode = FALSE
	EndGlobalSection
	GlobalSection(ExtensibilityGlobals) = postSolution
		SolutionGuid = {05FEC722-F83B-4FC8-BDFE-6D1FCB393971}
	EndGlobalSection
EndGlobal
